{
  "name": "sample-vulnerable-app",
  "version": "1.0.0",
  "lockfileVersion": 2,
  "packages": {
    "": {
      "name": "sample-vulnerable-app",
      "dependencies": {
        "lodash": "4.17.20",
        "axios": "0.21.0",
        "express": "4.17.1",
        "minimist": "1.2.5",
        "node-fetch": "2.6.1"
      }
    },
    "node_modules/axios": {
      "version": "0.21.0",
      "resolved": "https://registry.npmjs.org/axios/-/axios-0.21.0.tgz"
    },
    "node_modules/express": {
      "version": "4.17.1",
      "resolved": "https://registry.npmjs.org/express/-/express-4.17.1.tgz"
    },
    "node_modules/lodash": {
      "version": "4.17.20",
      "resolved": "https://registry.npmjs.org/lodash/-/lodash-4.17.20.tgz"
    },
    "node_modules/minimist": {
      "version": "1.2.5",
      "resolved": "https://registry.npmjs.org/minimist/-/minimist-1.2.5.tgz"
    },
    "node_modules/node-fetch": {
      "version": "2.6.1",
      "resolved": "https://registry.npmjs.org/node-fetch/-/node-fetch-2.6.1.tgz"
    }
  },
  "dependencies": {
    "axios": {
      "version": "0.21.0"
    },
    "express": {
      "version": "4.17.1"
    },
    "lodash": {
      "version": "4.17.20"
    },
    "minimist": {
      "version": "1.2.5"
    },
    "node-fetch": {
      "version": "2.6.1"
    }
  }
}
